
Microsoft Visual Studio Solution File, Format Version 12.00
# Visual Studio 2012
Project("{FAE04EC0-301F-11D3-BF4B-00C04F79EFBC}") = "Ren.CMS", "Ren.CMS\Ren.CMS.csproj", "{A8DE7EDE-F02B-4D54-9CC3-238956886DE6}"
EndProject
Project("{2150E333-8FDC-42A3-9474-1A3956D46DE8}") = "Modules", "Modules", "{66B6F2B1-4DC1-40A1-8602-271B1ACD3A0D}"
EndProject
Project("{2150E333-8FDC-42A3-9474-1A3956D46DE8}") = "Web", "Web", "{D959DE15-CEEC-42D3-BCCA-73FFCD636BE2}"
EndProject
Project("{2150E333-8FDC-42A3-9474-1A3956D46DE8}") = "Libraries", "Libraries", "{ECB04908-5CAB-431F-8063-1C78F9E3AB51}"
EndProject
Project("{FAE04EC0-301F-11D3-BF4B-00C04F79EFBC}") = "Ren.CMS.API", "Ren.CMS.Net-Libraries\Ren.CMS.API\Ren.CMS.API.csproj", "{C137DDD8-BE79-4956-8C87-A8B1B21D33A1}"
EndProject
Project("{FAE04EC0-301F-11D3-BF4B-00C04F79EFBC}") = "Ren.CMS.Config", "Ren.CMS.Net-Libraries\Ren.CMS.Config\Ren.CMS.Config.csproj", "{A4F4A9E2-733A-4BEC-B64E-840BE608C9EA}"
EndProject
Project("{FAE04EC0-301F-11D3-BF4B-00C04F79EFBC}") = "Ren.CMS.Content", "Ren.CMS.Net-Libraries\Ren.CMS.Content\Ren.CMS.Content.csproj", "{C5FFC3EE-217F-4468-9B2B-037DC92BBBB1}"
EndProject
Project("{FAE04EC0-301F-11D3-BF4B-00C04F79EFBC}") = "Ren.CMS.ContentHelpers.Blog", "Ren.CMS.Net-Libraries\Ren.CMS.ContentHelpers.Blog\Ren.CMS.ContentHelpers.Blog.csproj", "{E8F5BB79-AC16-4506-9FE1-7F51DFE0D2EB}"
EndProject
Project("{FAE04EC0-301F-11D3-BF4B-00C04F79EFBC}") = "Ren.CMS.CORE", "Ren.CMS.Net-Libraries\Ren.CMS.CORE\Ren.CMS.CORE.csproj", "{63304ABC-25B8-404C-85D3-724173DFDFE1}"
EndProject
Project("{FAE04EC0-301F-11D3-BF4B-00C04F79EFBC}") = "Ren.CMS.Extensions.ArticleExt", "Ren.CMS.Net-Libraries\Ren.CMS.Extensions.ArticleExt\Ren.CMS.Extensions.ArticleExt.csproj", "{B6C757D2-86E2-4D4A-9A5A-AE13BA7A8D73}"
EndProject
Project("{FAE04EC0-301F-11D3-BF4B-00C04F79EFBC}") = "Ren.CMS.Models.SharedElements", "Ren.CMS.Net-Libraries\Ren.CMS.Models.SharedElements\Ren.CMS.Models.SharedElements.csproj", "{603D4CE5-A908-4F44-9FF5-58EDD9869309}"
EndProject
Project("{FAE04EC0-301F-11D3-BF4B-00C04F79EFBC}") = "Ren.CMS.nModules", "Ren.CMS.Net-Libraries\Ren.CMS.nModules\Ren.CMS.nModules.csproj", "{98707A63-4000-4EF3-B003-B345906BCBD0}"
EndProject
Project("{FAE04EC0-301F-11D3-BF4B-00C04F79EFBC}") = "Ren.CMS.Pagination", "Ren.CMS.Net-Libraries\Ren.CMS.Pagination\Ren.CMS.Pagination.csproj", "{20515862-4C1B-4B88-98C4-1391B4FF1C36}"
EndProject
Project("{FAE04EC0-301F-11D3-BF4B-00C04F79EFBC}") = "Ren.CMS.Persistence", "Ren.CMS.Net-Libraries\Ren.CMS.Persistence\Ren.CMS.Persistence.csproj", "{F2F2DF55-784E-4FFF-B71A-F1B779B9E5ED}"
EndProject
Project("{FAE04EC0-301F-11D3-BF4B-00C04F79EFBC}") = "Ren.CMS.SessionRepository", "Ren.CMS.Net-Libraries\Ren.CMS.SessionRepository\Ren.CMS.SessionRepository.csproj", "{0415E250-C965-48BE-A003-37CD89875F65}"
EndProject
Project("{FAE04EC0-301F-11D3-BF4B-00C04F79EFBC}") = "Ren.Config.Helper", "Ren.CMS.Net-Libraries\Ren.Config.Helper\Ren.Config.Helper.csproj", "{A062FBC9-EF6A-4D7E-99C0-6D04FC0A8D4B}"
EndProject
Project("{FAE04EC0-301F-11D3-BF4B-00C04F79EFBC}") = "Ren.CMS.MemberShip.CurrentUserHelper", "Ren.CMS.Net-Libraries\Ren.CMS.MemberShip.CurrentUserHelper\Ren.CMS.MemberShip.CurrentUserHelper.csproj", "{297AA3D9-A070-4368-A33D-BAB92A1384F6}"
EndProject
Project("{FAE04EC0-301F-11D3-BF4B-00C04F79EFBC}") = "BlogModule", "Ren.CMS.Net-Modules\Ren.CMS.Net.BlogModule\BlogModule\BlogModule.csproj", "{821784F9-01CA-4483-A5F3-AD5320FFEF36}"
EndProject
Project("{FAE04EC0-301F-11D3-BF4B-00C04F79EFBC}") = "GalleryModule", "Ren.CMS.Net-Modules\Ren.CMS.Net.GalleryModule\GalleryModule\GalleryModule.csproj", "{63457497-594E-4093-83FD-0129E52CA6B7}"
EndProject
Project("{FAE04EC0-301F-11D3-BF4B-00C04F79EFBC}") = "InstallModule", "Ren.CMS.Net-Modules\Ren.CMS.Net.Installer\InstallModule\InstallModule.csproj", "{AEECAF45-AEEF-4D6C-95B7-35C44DC88DE2}"
EndProject
Project("{FAE04EC0-301F-11D3-BF4B-00C04F79EFBC}") = "ThumpnailModule", "Ren.CMS.Net-Modules\Ren.CMS.Net.ThumbnailModule\ThumpnailModule\ThumpnailModule.csproj", "{1B17DB37-062A-4251-A666-75954C4E225F}"
EndProject
Project("{2150E333-8FDC-42A3-9474-1A3956D46DE8}") = "InstallLauncher", "InstallLauncher", "{9CA84413-17BE-4688-BF9E-DB70947CD8CA}"
EndProject
Project("{FAE04EC0-301F-11D3-BF4B-00C04F79EFBC}") = "Ren.CMS.NET-InstallLauncher", "Ren.CMS.NET-InstallLauncher\Ren.CMS.NET-InstallLauncher.csproj", "{287E7C08-B4D3-4D17-8FFC-4AB41F0B40C8}"
EndProject
Project("{2150E333-8FDC-42A3-9474-1A3956D46DE8}") = "InstallProxy", "InstallProxy", "{9DF01E94-9428-42BE-BEA6-187006352723}"
EndProject
Project("{FAE04EC0-301F-11D3-BF4B-00C04F79EFBC}") = "Ren.CMS.NET-InstallProxy", "Ren.CMS.NET-InstallProxy\Ren.CMS.NET-InstallProxy.csproj", "{CD2A6DF5-9EC1-4E8C-A2F9-E78E734492B0}"
EndProject
Project("{2150E333-8FDC-42A3-9474-1A3956D46DE8}") = ".nuget", ".nuget", "{03CD20F9-B817-4D5A-BA4B-C7BA3DE7A0EA}"
	ProjectSection(SolutionItems) = preProject
		.nuget\NuGet.Config = .nuget\NuGet.Config
		.nuget\NuGet.exe = .nuget\NuGet.exe
		.nuget\NuGet.targets = .nuget\NuGet.targets
	EndProjectSection
EndProject
Global
	GlobalSection(SolutionConfigurationPlatforms) = preSolution
		Debug|Any CPU = Debug|Any CPU
		Release|Any CPU = Release|Any CPU
	EndGlobalSection
	GlobalSection(ProjectConfigurationPlatforms) = postSolution
		{A8DE7EDE-F02B-4D54-9CC3-238956886DE6}.Debug|Any CPU.ActiveCfg = Debug|Any CPU
		{A8DE7EDE-F02B-4D54-9CC3-238956886DE6}.Debug|Any CPU.Build.0 = Debug|Any CPU
		{A8DE7EDE-F02B-4D54-9CC3-238956886DE6}.Release|Any CPU.ActiveCfg = Release|Any CPU
		{A8DE7EDE-F02B-4D54-9CC3-238956886DE6}.Release|Any CPU.Build.0 = Release|Any CPU
		{C137DDD8-BE79-4956-8C87-A8B1B21D33A1}.Debug|Any CPU.ActiveCfg = Debug|Any CPU
		{C137DDD8-BE79-4956-8C87-A8B1B21D33A1}.Debug|Any CPU.Build.0 = Debug|Any CPU
		{C137DDD8-BE79-4956-8C87-A8B1B21D33A1}.Release|Any CPU.ActiveCfg = Release|Any CPU
		{C137DDD8-BE79-4956-8C87-A8B1B21D33A1}.Release|Any CPU.Build.0 = Release|Any CPU
		{A4F4A9E2-733A-4BEC-B64E-840BE608C9EA}.Debug|Any CPU.ActiveCfg = Debug|Any CPU
		{A4F4A9E2-733A-4BEC-B64E-840BE608C9EA}.Debug|Any CPU.Build.0 = Debug|Any CPU
		{A4F4A9E2-733A-4BEC-B64E-840BE608C9EA}.Release|Any CPU.ActiveCfg = Release|Any CPU
		{A4F4A9E2-733A-4BEC-B64E-840BE608C9EA}.Release|Any CPU.Build.0 = Release|Any CPU
		{C5FFC3EE-217F-4468-9B2B-037DC92BBBB1}.Debug|Any CPU.ActiveCfg = Debug|Any CPU
		{C5FFC3EE-217F-4468-9B2B-037DC92BBBB1}.Debug|Any CPU.Build.0 = Debug|Any CPU
		{C5FFC3EE-217F-4468-9B2B-037DC92BBBB1}.Release|Any CPU.ActiveCfg = Release|Any CPU
		{C5FFC3EE-217F-4468-9B2B-037DC92BBBB1}.Release|Any CPU.Build.0 = Release|Any CPU
		{E8F5BB79-AC16-4506-9FE1-7F51DFE0D2EB}.Debug|Any CPU.ActiveCfg = Debug|Any CPU
		{E8F5BB79-AC16-4506-9FE1-7F51DFE0D2EB}.Debug|Any CPU.Build.0 = Debug|Any CPU
		{E8F5BB79-AC16-4506-9FE1-7F51DFE0D2EB}.Release|Any CPU.ActiveCfg = Release|Any CPU
		{E8F5BB79-AC16-4506-9FE1-7F51DFE0D2EB}.Release|Any CPU.Build.0 = Release|Any CPU
		{63304ABC-25B8-404C-85D3-724173DFDFE1}.Debug|Any CPU.ActiveCfg = Debug|Any CPU
		{63304ABC-25B8-404C-85D3-724173DFDFE1}.Debug|Any CPU.Build.0 = Debug|Any CPU
		{63304ABC-25B8-404C-85D3-724173DFDFE1}.Release|Any CPU.ActiveCfg = Release|Any CPU
		{63304ABC-25B8-404C-85D3-724173DFDFE1}.Release|Any CPU.Build.0 = Release|Any CPU
		{B6C757D2-86E2-4D4A-9A5A-AE13BA7A8D73}.Debug|Any CPU.ActiveCfg = Debug|Any CPU
		{B6C757D2-86E2-4D4A-9A5A-AE13BA7A8D73}.Debug|Any CPU.Build.0 = Debug|Any CPU
		{B6C757D2-86E2-4D4A-9A5A-AE13BA7A8D73}.Release|Any CPU.ActiveCfg = Release|Any CPU
		{B6C757D2-86E2-4D4A-9A5A-AE13BA7A8D73}.Release|Any CPU.Build.0 = Release|Any CPU
		{603D4CE5-A908-4F44-9FF5-58EDD9869309}.Debug|Any CPU.ActiveCfg = Debug|Any CPU
		{603D4CE5-A908-4F44-9FF5-58EDD9869309}.Debug|Any CPU.Build.0 = Debug|Any CPU
		{603D4CE5-A908-4F44-9FF5-58EDD9869309}.Release|Any CPU.ActiveCfg = Release|Any CPU
		{603D4CE5-A908-4F44-9FF5-58EDD9869309}.Release|Any CPU.Build.0 = Release|Any CPU
		{98707A63-4000-4EF3-B003-B345906BCBD0}.Debug|Any CPU.ActiveCfg = Debug|Any CPU
		{98707A63-4000-4EF3-B003-B345906BCBD0}.Debug|Any CPU.Build.0 = Debug|Any CPU
		{98707A63-4000-4EF3-B003-B345906BCBD0}.Release|Any CPU.ActiveCfg = Release|Any CPU
		{98707A63-4000-4EF3-B003-B345906BCBD0}.Release|Any CPU.Build.0 = Release|Any CPU
		{20515862-4C1B-4B88-98C4-1391B4FF1C36}.Debug|Any CPU.ActiveCfg = Debug|Any CPU
		{20515862-4C1B-4B88-98C4-1391B4FF1C36}.Debug|Any CPU.Build.0 = Debug|Any CPU
		{20515862-4C1B-4B88-98C4-1391B4FF1C36}.Release|Any CPU.ActiveCfg = Release|Any CPU
		{20515862-4C1B-4B88-98C4-1391B4FF1C36}.Release|Any CPU.Build.0 = Release|Any CPU
		{F2F2DF55-784E-4FFF-B71A-F1B779B9E5ED}.Debug|Any CPU.ActiveCfg = Debug|Any CPU
		{F2F2DF55-784E-4FFF-B71A-F1B779B9E5ED}.Debug|Any CPU.Build.0 = Debug|Any CPU
		{F2F2DF55-784E-4FFF-B71A-F1B779B9E5ED}.Release|Any CPU.ActiveCfg = Release|Any CPU
		{F2F2DF55-784E-4FFF-B71A-F1B779B9E5ED}.Release|Any CPU.Build.0 = Release|Any CPU
		{0415E250-C965-48BE-A003-37CD89875F65}.Debug|Any CPU.ActiveCfg = Debug|Any CPU
		{0415E250-C965-48BE-A003-37CD89875F65}.Debug|Any CPU.Build.0 = Debug|Any CPU
		{0415E250-C965-48BE-A003-37CD89875F65}.Release|Any CPU.ActiveCfg = Release|Any CPU
		{0415E250-C965-48BE-A003-37CD89875F65}.Release|Any CPU.Build.0 = Release|Any CPU
		{A062FBC9-EF6A-4D7E-99C0-6D04FC0A8D4B}.Debug|Any CPU.ActiveCfg = Debug|Any CPU
		{A062FBC9-EF6A-4D7E-99C0-6D04FC0A8D4B}.Debug|Any CPU.Build.0 = Debug|Any CPU
		{A062FBC9-EF6A-4D7E-99C0-6D04FC0A8D4B}.Release|Any CPU.ActiveCfg = Release|Any CPU
		{A062FBC9-EF6A-4D7E-99C0-6D04FC0A8D4B}.Release|Any CPU.Build.0 = Release|Any CPU
		{297AA3D9-A070-4368-A33D-BAB92A1384F6}.Debug|Any CPU.ActiveCfg = Debug|Any CPU
		{297AA3D9-A070-4368-A33D-BAB92A1384F6}.Debug|Any CPU.Build.0 = Debug|Any CPU
		{297AA3D9-A070-4368-A33D-BAB92A1384F6}.Release|Any CPU.ActiveCfg = Release|Any CPU
		{297AA3D9-A070-4368-A33D-BAB92A1384F6}.Release|Any CPU.Build.0 = Release|Any CPU
		{821784F9-01CA-4483-A5F3-AD5320FFEF36}.Debug|Any CPU.ActiveCfg = Debug|Any CPU
		{821784F9-01CA-4483-A5F3-AD5320FFEF36}.Debug|Any CPU.Build.0 = Debug|Any CPU
		{821784F9-01CA-4483-A5F3-AD5320FFEF36}.Release|Any CPU.ActiveCfg = Release|Any CPU
		{821784F9-01CA-4483-A5F3-AD5320FFEF36}.Release|Any CPU.Build.0 = Release|Any CPU
		{63457497-594E-4093-83FD-0129E52CA6B7}.Debug|Any CPU.ActiveCfg = Debug|Any CPU
		{63457497-594E-4093-83FD-0129E52CA6B7}.Debug|Any CPU.Build.0 = Debug|Any CPU
		{63457497-594E-4093-83FD-0129E52CA6B7}.Release|Any CPU.ActiveCfg = Release|Any CPU
		{63457497-594E-4093-83FD-0129E52CA6B7}.Release|Any CPU.Build.0 = Release|Any CPU
		{AEECAF45-AEEF-4D6C-95B7-35C44DC88DE2}.Debug|Any CPU.ActiveCfg = Debug|Any CPU
		{AEECAF45-AEEF-4D6C-95B7-35C44DC88DE2}.Debug|Any CPU.Build.0 = Debug|Any CPU
		{AEECAF45-AEEF-4D6C-95B7-35C44DC88DE2}.Release|Any CPU.ActiveCfg = Release|Any CPU
		{AEECAF45-AEEF-4D6C-95B7-35C44DC88DE2}.Release|Any CPU.Build.0 = Release|Any CPU
		{1B17DB37-062A-4251-A666-75954C4E225F}.Debug|Any CPU.ActiveCfg = Debug|Any CPU
		{1B17DB37-062A-4251-A666-75954C4E225F}.Debug|Any CPU.Build.0 = Debug|Any CPU
		{1B17DB37-062A-4251-A666-75954C4E225F}.Release|Any CPU.ActiveCfg = Release|Any CPU
		{1B17DB37-062A-4251-A666-75954C4E225F}.Release|Any CPU.Build.0 = Release|Any CPU
		{287E7C08-B4D3-4D17-8FFC-4AB41F0B40C8}.Debug|Any CPU.ActiveCfg = Debug|Any CPU
		{287E7C08-B4D3-4D17-8FFC-4AB41F0B40C8}.Debug|Any CPU.Build.0 = Debug|Any CPU
		{287E7C08-B4D3-4D17-8FFC-4AB41F0B40C8}.Release|Any CPU.ActiveCfg = Release|Any CPU
		{287E7C08-B4D3-4D17-8FFC-4AB41F0B40C8}.Release|Any CPU.Build.0 = Release|Any CPU
		{CD2A6DF5-9EC1-4E8C-A2F9-E78E734492B0}.Debug|Any CPU.ActiveCfg = Debug|Any CPU
		{CD2A6DF5-9EC1-4E8C-A2F9-E78E734492B0}.Debug|Any CPU.Build.0 = Debug|Any CPU
		{CD2A6DF5-9EC1-4E8C-A2F9-E78E734492B0}.Release|Any CPU.ActiveCfg = Release|Any CPU
		{CD2A6DF5-9EC1-4E8C-A2F9-E78E734492B0}.Release|Any CPU.Build.0 = Release|Any CPU
	EndGlobalSection
	GlobalSection(SolutionProperties) = preSolution
		HideSolutionNode = FALSE
	EndGlobalSection
	GlobalSection(NestedProjects) = preSolution
		{A8DE7EDE-F02B-4D54-9CC3-238956886DE6} = {D959DE15-CEEC-42D3-BCCA-73FFCD636BE2}
		{821784F9-01CA-4483-A5F3-AD5320FFEF36} = {66B6F2B1-4DC1-40A1-8602-271B1ACD3A0D}
		{63457497-594E-4093-83FD-0129E52CA6B7} = {66B6F2B1-4DC1-40A1-8602-271B1ACD3A0D}
		{AEECAF45-AEEF-4D6C-95B7-35C44DC88DE2} = {66B6F2B1-4DC1-40A1-8602-271B1ACD3A0D}
		{1B17DB37-062A-4251-A666-75954C4E225F} = {66B6F2B1-4DC1-40A1-8602-271B1ACD3A0D}
		{C137DDD8-BE79-4956-8C87-A8B1B21D33A1} = {ECB04908-5CAB-431F-8063-1C78F9E3AB51}
		{A4F4A9E2-733A-4BEC-B64E-840BE608C9EA} = {ECB04908-5CAB-431F-8063-1C78F9E3AB51}
		{C5FFC3EE-217F-4468-9B2B-037DC92BBBB1} = {ECB04908-5CAB-431F-8063-1C78F9E3AB51}
		{E8F5BB79-AC16-4506-9FE1-7F51DFE0D2EB} = {ECB04908-5CAB-431F-8063-1C78F9E3AB51}
		{63304ABC-25B8-404C-85D3-724173DFDFE1} = {ECB04908-5CAB-431F-8063-1C78F9E3AB51}
		{B6C757D2-86E2-4D4A-9A5A-AE13BA7A8D73} = {ECB04908-5CAB-431F-8063-1C78F9E3AB51}
		{603D4CE5-A908-4F44-9FF5-58EDD9869309} = {ECB04908-5CAB-431F-8063-1C78F9E3AB51}
		{98707A63-4000-4EF3-B003-B345906BCBD0} = {ECB04908-5CAB-431F-8063-1C78F9E3AB51}
		{20515862-4C1B-4B88-98C4-1391B4FF1C36} = {ECB04908-5CAB-431F-8063-1C78F9E3AB51}
		{F2F2DF55-784E-4FFF-B71A-F1B779B9E5ED} = {ECB04908-5CAB-431F-8063-1C78F9E3AB51}
		{0415E250-C965-48BE-A003-37CD89875F65} = {ECB04908-5CAB-431F-8063-1C78F9E3AB51}
		{A062FBC9-EF6A-4D7E-99C0-6D04FC0A8D4B} = {ECB04908-5CAB-431F-8063-1C78F9E3AB51}
		{297AA3D9-A070-4368-A33D-BAB92A1384F6} = {ECB04908-5CAB-431F-8063-1C78F9E3AB51}
		{287E7C08-B4D3-4D17-8FFC-4AB41F0B40C8} = {9CA84413-17BE-4688-BF9E-DB70947CD8CA}
		{CD2A6DF5-9EC1-4E8C-A2F9-E78E734492B0} = {9DF01E94-9428-42BE-BEA6-187006352723}
	EndGlobalSection
	GlobalSection(ExtensibilityGlobals) = postSolution
		VisualSVNWorkingCopyRoot = .
	EndGlobalSection
EndGlobal
